
Microsoft Visual Studio Solution File, Format Version 12.00
# Visual Studio 15
VisualStudioVersion = 15.0.26430.13
MinimumVisualStudioVersion = 10.0.40219.1
Project("{FAE04EC0-301F-11D3-BF4B-00C04F79EFBC}") = "NUI.Touchpad", "NUI.Touchpad\NUI.Touchpad.csproj", "{F71B210F-501D-45A3-8120-246173296B92}"
EndProject
Project("{FAE04EC0-301F-11D3-BF4B-00C04F79EFBC}") = "NUI.Kinect", "NUI.Kinect\NUI.Kinect.csproj", "{7B382130-180D-47C6-AD9F-1A814D614DF3}"
EndProject
Project("{2150E333-8FDC-42A3-9474-1A3956D46DE8}") = "Solution Items", "Solution Items", "{98B0B890-EB9C-4F6B-AD19-D4862240895B}"
	ProjectSection(SolutionItems) = preProject
		README.md = README.md
	EndProjectSection
EndProject
Global
	GlobalSection(SolutionConfigurationPlatforms) = preSolution
		Debug|Any CPU = Debug|Any CPU
		Debug|ARM = Debug|ARM
		Debug|x64 = Debug|x64
		Debug|x86 = Debug|x86
		Release|Any CPU = Release|Any CPU
		Release|ARM = Release|ARM
		Release|x64 = Release|x64
		Release|x86 = Release|x86
	EndGlobalSection
	GlobalSection(ProjectConfigurationPlatforms) = postSolution
		{F71B210F-501D-45A3-8120-246173296B92}.Debug|Any CPU.ActiveCfg = Debug|x86
		{F71B210F-501D-45A3-8120-246173296B92}.Debug|ARM.ActiveCfg = Debug|ARM
		{F71B210F-501D-45A3-8120-246173296B92}.Debug|ARM.Build.0 = Debug|ARM
		{F71B210F-501D-45A3-8120-246173296B92}.Debug|ARM.Deploy.0 = Debug|ARM
		{F71B210F-501D-45A3-8120-246173296B92}.Debug|x64.ActiveCfg = Debug|x64
		{F71B210F-501D-45A3-8120-246173296B92}.Debug|x64.Build.0 = Debug|x64
		{F71B210F-501D-45A3-8120-246173296B92}.Debug|x64.Deploy.0 = Debug|x64
		{F71B210F-501D-45A3-8120-246173296B92}.Debug|x86.ActiveCfg = Debug|x86
		{F71B210F-501D-45A3-8120-246173296B92}.Debug|x86.Build.0 = Debug|x86
		{F71B210F-501D-45A3-8120-246173296B92}.Debug|x86.Deploy.0 = Debug|x86
		{F71B210F-501D-45A3-8120-246173296B92}.Release|Any CPU.ActiveCfg = Release|x86
		{F71B210F-501D-45A3-8120-246173296B92}.Release|ARM.ActiveCfg = Release|ARM
		{F71B210F-501D-45A3-8120-246173296B92}.Release|ARM.Build.0 = Release|ARM
		{F71B210F-501D-45A3-8120-246173296B92}.Release|ARM.Deploy.0 = Release|ARM
		{F71B210F-501D-45A3-8120-246173296B92}.Release|x64.ActiveCfg = Release|x64
		{F71B210F-501D-45A3-8120-246173296B92}.Release|x64.Build.0 = Release|x64
		{F71B210F-501D-45A3-8120-246173296B92}.Release|x64.Deploy.0 = Release|x64
		{F71B210F-501D-45A3-8120-246173296B92}.Release|x86.ActiveCfg = Release|x86
		{F71B210F-501D-45A3-8120-246173296B92}.Release|x86.Build.0 = Release|x86
		{F71B210F-501D-45A3-8120-246173296B92}.Release|x86.Deploy.0 = Release|x86
		{7B382130-180D-47C6-AD9F-1A814D614DF3}.Debug|Any CPU.ActiveCfg = Debug|Any CPU
		{7B382130-180D-47C6-AD9F-1A814D614DF3}.Debug|Any CPU.Build.0 = Debug|Any CPU
		{7B382130-180D-47C6-AD9F-1A814D614DF3}.Debug|ARM.ActiveCfg = Debug|Any CPU
		{7B382130-180D-47C6-AD9F-1A814D614DF3}.Debug|ARM.Build.0 = Debug|Any CPU
		{7B382130-180D-47C6-AD9F-1A814D614DF3}.Debug|x64.ActiveCfg = Debug|Any CPU
		{7B382130-180D-47C6-AD9F-1A814D614DF3}.Debug|x64.Build.0 = Debug|Any CPU
		{7B382130-180D-47C6-AD9F-1A814D614DF3}.Debug|x86.ActiveCfg = Debug|Any CPU
		{7B382130-180D-47C6-AD9F-1A814D614DF3}.Debug|x86.Build.0 = Debug|Any CPU
		{7B382130-180D-47C6-AD9F-1A814D614DF3}.Release|Any CPU.ActiveCfg = Release|Any CPU
		{7B382130-180D-47C6-AD9F-1A814D614DF3}.Release|Any CPU.Build.0 = Release|Any CPU
		{7B382130-180D-47C6-AD9F-1A814D614DF3}.Release|ARM.ActiveCfg = Release|Any CPU
		{7B382130-180D-47C6-AD9F-1A814D614DF3}.Release|ARM.Build.0 = Release|Any CPU
		{7B382130-180D-47C6-AD9F-1A814D614DF3}.Release|x64.ActiveCfg = Release|Any CPU
		{7B382130-180D-47C6-AD9F-1A814D614DF3}.Release|x64.Build.0 = Release|Any CPU
		{7B382130-180D-47C6-AD9F-1A814D614DF3}.Release|x86.ActiveCfg = Release|Any CPU
		{7B382130-180D-47C6-AD9F-1A814D614DF3}.Release|x86.Build.0 = Release|Any CPU
	EndGlobalSection
	GlobalSection(SolutionProperties) = preSolution
		HideSolutionNode = FALSE
	EndGlobalSection
EndGlobal
